
Microsoft Visual Studio Solution File, Format Version 12.00
# Visual Studio Version 17
VisualStudioVersion = 17.5.33530.505
MinimumVisualStudioVersion = 10.0.40219.1
Project("{9A19103F-16F7-4668-BE54-9A1E7A4F7556}") = "01. Sum Seconds", "01. Sum Seconds\01. Sum Seconds.csproj", "{F49E29AA-9062-4692-AC92-14E733861C19}"
EndProject
Project("{9A19103F-16F7-4668-BE54-9A1E7A4F7556}") = "02. Bonus Score", "02. Bonus Score\02. Bonus Score.csproj", "{D0B62783-789F-4AD9-AEF9-63A22D6706C1}"
EndProject
Project("{9A19103F-16F7-4668-BE54-9A1E7A4F7556}") = "03. Time + 15 Minutes", "03. Time + 15 Minutes\03. Time + 15 Minutes.csproj", "{46B5D039-C684-4F13-8613-0CAA0C02B859}"
EndProject
Project("{FAE04EC0-301F-11D3-BF4B-00C04F79EFBC}") = "04. Toy Shop", "04. Toy Shop\04. Toy Shop.csproj", "{95CF5A2C-5B24-4A2D-9210-A1AFE5E54BC7}"
EndProject
Project("{FAE04EC0-301F-11D3-BF4B-00C04F79EFBC}") = "05. Godzilla vs. Kong", "05. Godzilla vs. Kong\05. Godzilla vs. Kong.csproj", "{C951A358-B6CF-4593-93F7-F9B277C47095}"
EndProject
Project("{FAE04EC0-301F-11D3-BF4B-00C04F79EFBC}") = "06. World Swimming Record", "06. World Swimming Record\06. World Swimming Record.csproj", "{5C3974CB-3D5A-480F-A9F2-851C60207D54}"
EndProject
Project("{FAE04EC0-301F-11D3-BF4B-00C04F79EFBC}") = "07. Shopping", "07. Shopping\07. Shopping.csproj", "{880FCC28-FB54-49F3-AF87-0C143AC785A8}"
EndProject
Project("{FAE04EC0-301F-11D3-BF4B-00C04F79EFBC}") = "08. Lunch Break", "08. Lunch Break\08. Lunch Break.csproj", "{ED63FCC1-CA39-44D7-9D91-110E565095AB}"
EndProject
Global
	GlobalSection(SolutionConfigurationPlatforms) = preSolution
		Debug|Any CPU = Debug|Any CPU
		Release|Any CPU = Release|Any CPU
	EndGlobalSection
	GlobalSection(ProjectConfigurationPlatforms) = postSolution
		{F49E29AA-9062-4692-AC92-14E733861C19}.Debug|Any CPU.ActiveCfg = Debug|Any CPU
		{F49E29AA-9062-4692-AC92-14E733861C19}.Debug|Any CPU.Build.0 = Debug|Any CPU
		{F49E29AA-9062-4692-AC92-14E733861C19}.Release|Any CPU.ActiveCfg = Release|Any CPU
		{F49E29AA-9062-4692-AC92-14E733861C19}.Release|Any CPU.Build.0 = Release|Any CPU
		{D0B62783-789F-4AD9-AEF9-63A22D6706C1}.Debug|Any CPU.ActiveCfg = Debug|Any CPU
		{D0B62783-789F-4AD9-AEF9-63A22D6706C1}.Debug|Any CPU.Build.0 = Debug|Any CPU
		{D0B62783-789F-4AD9-AEF9-63A22D6706C1}.Release|Any CPU.ActiveCfg = Release|Any CPU
		{D0B62783-789F-4AD9-AEF9-63A22D6706C1}.Release|Any CPU.Build.0 = Release|Any CPU
		{46B5D039-C684-4F13-8613-0CAA0C02B859}.Debug|Any CPU.ActiveCfg = Debug|Any CPU
		{46B5D039-C684-4F13-8613-0CAA0C02B859}.Debug|Any CPU.Build.0 = Debug|Any CPU
		{46B5D039-C684-4F13-8613-0CAA0C02B859}.Release|Any CPU.ActiveCfg = Release|Any CPU
		{46B5D039-C684-4F13-8613-0CAA0C02B859}.Release|Any CPU.Build.0 = Release|Any CPU
		{95CF5A2C-5B24-4A2D-9210-A1AFE5E54BC7}.Debug|Any CPU.ActiveCfg = Debug|Any CPU
		{95CF5A2C-5B24-4A2D-9210-A1AFE5E54BC7}.Debug|Any CPU.Build.0 = Debug|Any CPU
		{95CF5A2C-5B24-4A2D-9210-A1AFE5E54BC7}.Release|Any CPU.ActiveCfg = Release|Any CPU
		{95CF5A2C-5B24-4A2D-9210-A1AFE5E54BC7}.Release|Any CPU.Build.0 = Release|Any CPU
		{C951A358-B6CF-4593-93F7-F9B277C47095}.Debug|Any CPU.ActiveCfg = Debug|Any CPU
		{C951A358-B6CF-4593-93F7-F9B277C47095}.Debug|Any CPU.Build.0 = Debug|Any CPU
		{C951A358-B6CF-4593-93F7-F9B277C47095}.Release|Any CPU.ActiveCfg = Release|Any CPU
		{C951A358-B6CF-4593-93F7-F9B277C47095}.Release|Any CPU.Build.0 = Release|Any CPU
		{5C3974CB-3D5A-480F-A9F2-851C60207D54}.Debug|Any CPU.ActiveCfg = Debug|Any CPU
		{5C3974CB-3D5A-480F-A9F2-851C60207D54}.Debug|Any CPU.Build.0 = Debug|Any CPU
		{5C3974CB-3D5A-480F-A9F2-851C60207D54}.Release|Any CPU.ActiveCfg = Release|Any CPU
		{5C3974CB-3D5A-480F-A9F2-851C60207D54}.Release|Any CPU.Build.0 = Release|Any CPU
		{880FCC28-FB54-49F3-AF87-0C143AC785A8}.Debug|Any CPU.ActiveCfg = Debug|Any CPU
		{880FCC28-FB54-49F3-AF87-0C143AC785A8}.Debug|Any CPU.Build.0 = Debug|Any CPU
		{880FCC28-FB54-49F3-AF87-0C143AC785A8}.Release|Any CPU.ActiveCfg = Release|Any CPU
		{880FCC28-FB54-49F3-AF87-0C143AC785A8}.Release|Any CPU.Build.0 = Release|Any CPU
		{ED63FCC1-CA39-44D7-9D91-110E565095AB}.Debug|Any CPU.ActiveCfg = Debug|Any CPU
		{ED63FCC1-CA39-44D7-9D91-110E565095AB}.Debug|Any CPU.Build.0 = Debug|Any CPU
		{ED63FCC1-CA39-44D7-9D91-110E565095AB}.Release|Any CPU.ActiveCfg = Release|Any CPU
		{ED63FCC1-CA39-44D7-9D91-110E565095AB}.Release|Any CPU.Build.0 = Release|Any CPU
	EndGlobalSection
	GlobalSection(SolutionProperties) = preSolution
		HideSolutionNode = FALSE
	EndGlobalSection
	GlobalSection(ExtensibilityGlobals) = postSolution
		SolutionGuid = {1985497B-393F-4151-A258-515FBE6CD933}
	EndGlobalSection
EndGlobal
