
Microsoft Visual Studio Solution File, Format Version 12.00
# Visual Studio Version 17
VisualStudioVersion = 17.5.33530.505
MinimumVisualStudioVersion = 10.0.40219.1
Project("{FAE04EC0-301F-11D3-BF4B-00C04F79EFBC}") = "01. Sum Seconds", "01. Sum Seconds\01. Sum Seconds.csproj", "{F49E29AA-9062-4692-AC92-14E733861C19}"
EndProject
Project("{FAE04EC0-301F-11D3-BF4B-00C04F79EFBC}") = "02. Bonus Score", "02. Bonus Score\02. Bonus Score.csproj", "{D0B62783-789F-4AD9-AEF9-63A22D6706C1}"
EndProject
Project("{FAE04EC0-301F-11D3-BF4B-00C04F79EFBC}") = "03. Time + 15 Minutes", "03. Time + 15 Minutes\03. Time + 15 Minutes.csproj", "{46B5D039-C684-4F13-8613-0CAA0C02B859}"
EndProject
Global
	GlobalSection(SolutionConfigurationPlatforms) = preSolution
		Debug|Any CPU = Debug|Any CPU
		Release|Any CPU = Release|Any CPU
	EndGlobalSection
	GlobalSection(ProjectConfigurationPlatforms) = postSolution
		{F49E29AA-9062-4692-AC92-14E733861C19}.Debug|Any CPU.ActiveCfg = Debug|Any CPU
		{F49E29AA-9062-4692-AC92-14E733861C19}.Debug|Any CPU.Build.0 = Debug|Any CPU
		{F49E29AA-9062-4692-AC92-14E733861C19}.Release|Any CPU.ActiveCfg = Release|Any CPU
		{F49E29AA-9062-4692-AC92-14E733861C19}.Release|Any CPU.Build.0 = Release|Any CPU
		{D0B62783-789F-4AD9-AEF9-63A22D6706C1}.Debug|Any CPU.ActiveCfg = Debug|Any CPU
		{D0B62783-789F-4AD9-AEF9-63A22D6706C1}.Debug|Any CPU.Build.0 = Debug|Any CPU
		{D0B62783-789F-4AD9-AEF9-63A22D6706C1}.Release|Any CPU.ActiveCfg = Release|Any CPU
		{D0B62783-789F-4AD9-AEF9-63A22D6706C1}.Release|Any CPU.Build.0 = Release|Any CPU
		{46B5D039-C684-4F13-8613-0CAA0C02B859}.Debug|Any CPU.ActiveCfg = Debug|Any CPU
		{46B5D039-C684-4F13-8613-0CAA0C02B859}.Debug|Any CPU.Build.0 = Debug|Any CPU
		{46B5D039-C684-4F13-8613-0CAA0C02B859}.Release|Any CPU.ActiveCfg = Release|Any CPU
		{46B5D039-C684-4F13-8613-0CAA0C02B859}.Release|Any CPU.Build.0 = Release|Any CPU
	EndGlobalSection
	GlobalSection(SolutionProperties) = preSolution
		HideSolutionNode = FALSE
	EndGlobalSection
	GlobalSection(ExtensibilityGlobals) = postSolution
		SolutionGuid = {1985497B-393F-4151-A258-515FBE6CD933}
	EndGlobalSection
EndGlobal
