
Microsoft Visual Studio Solution File, Format Version 12.00
# Visual Studio Version 17
VisualStudioVersion = 17.5.33530.505
MinimumVisualStudioVersion = 10.0.40219.1
Project("{FAE04EC0-301F-11D3-BF4B-00C04F79EFBC}") = "01. Excellent Result", "01. Excellent Result\01. Excellent Result.csproj", "{525C62B0-B242-4EDA-A6D5-219040CC6875}"
EndProject
Project("{FAE04EC0-301F-11D3-BF4B-00C04F79EFBC}") = "02. Greater Number", "02. Greater Number\02. Greater Number.csproj", "{40E356C5-29D7-4A1C-AEF9-1F6D5901AD69}"
EndProject
Project("{FAE04EC0-301F-11D3-BF4B-00C04F79EFBC}") = "03. Even or Odd", "03. Even or Odd\03. Even or Odd.csproj", "{FCFEAFD0-6C23-48A2-BB99-9FF02807FB11}"
EndProject
Project("{FAE04EC0-301F-11D3-BF4B-00C04F79EFBC}") = "04. Password Guess", "04. Password Guess\04. Password Guess.csproj", "{8E451E2E-2510-4363-8E34-5F27AC01168F}"
EndProject
Project("{FAE04EC0-301F-11D3-BF4B-00C04F79EFBC}") = "05. Number 100 to 200", "05. Number 100 to 200\05. Number 100 to 200.csproj", "{C3263864-E183-4122-BEE6-E701B9F305FE}"
EndProject
Project("{FAE04EC0-301F-11D3-BF4B-00C04F79EFBC}") = "06. Speed Info", "06. Speed Info\06. Speed Info.csproj", "{AC800976-AEE1-47F4-9AAB-C8FFFCA7CD54}"
EndProject
Project("{FAE04EC0-301F-11D3-BF4B-00C04F79EFBC}") = "07. Area of Figures", "07. Area of Figures\07. Area of Figures.csproj", "{D966DDFA-0510-41DF-A0B5-D303942A9F05}"
EndProject
Global
	GlobalSection(SolutionConfigurationPlatforms) = preSolution
		Debug|Any CPU = Debug|Any CPU
		Release|Any CPU = Release|Any CPU
	EndGlobalSection
	GlobalSection(ProjectConfigurationPlatforms) = postSolution
		{525C62B0-B242-4EDA-A6D5-219040CC6875}.Debug|Any CPU.ActiveCfg = Debug|Any CPU
		{525C62B0-B242-4EDA-A6D5-219040CC6875}.Debug|Any CPU.Build.0 = Debug|Any CPU
		{525C62B0-B242-4EDA-A6D5-219040CC6875}.Release|Any CPU.ActiveCfg = Release|Any CPU
		{525C62B0-B242-4EDA-A6D5-219040CC6875}.Release|Any CPU.Build.0 = Release|Any CPU
		{40E356C5-29D7-4A1C-AEF9-1F6D5901AD69}.Debug|Any CPU.ActiveCfg = Debug|Any CPU
		{40E356C5-29D7-4A1C-AEF9-1F6D5901AD69}.Debug|Any CPU.Build.0 = Debug|Any CPU
		{40E356C5-29D7-4A1C-AEF9-1F6D5901AD69}.Release|Any CPU.ActiveCfg = Release|Any CPU
		{40E356C5-29D7-4A1C-AEF9-1F6D5901AD69}.Release|Any CPU.Build.0 = Release|Any CPU
		{FCFEAFD0-6C23-48A2-BB99-9FF02807FB11}.Debug|Any CPU.ActiveCfg = Debug|Any CPU
		{FCFEAFD0-6C23-48A2-BB99-9FF02807FB11}.Debug|Any CPU.Build.0 = Debug|Any CPU
		{FCFEAFD0-6C23-48A2-BB99-9FF02807FB11}.Release|Any CPU.ActiveCfg = Release|Any CPU
		{FCFEAFD0-6C23-48A2-BB99-9FF02807FB11}.Release|Any CPU.Build.0 = Release|Any CPU
		{8E451E2E-2510-4363-8E34-5F27AC01168F}.Debug|Any CPU.ActiveCfg = Debug|Any CPU
		{8E451E2E-2510-4363-8E34-5F27AC01168F}.Debug|Any CPU.Build.0 = Debug|Any CPU
		{8E451E2E-2510-4363-8E34-5F27AC01168F}.Release|Any CPU.ActiveCfg = Release|Any CPU
		{8E451E2E-2510-4363-8E34-5F27AC01168F}.Release|Any CPU.Build.0 = Release|Any CPU
		{C3263864-E183-4122-BEE6-E701B9F305FE}.Debug|Any CPU.ActiveCfg = Debug|Any CPU
		{C3263864-E183-4122-BEE6-E701B9F305FE}.Debug|Any CPU.Build.0 = Debug|Any CPU
		{C3263864-E183-4122-BEE6-E701B9F305FE}.Release|Any CPU.ActiveCfg = Release|Any CPU
		{C3263864-E183-4122-BEE6-E701B9F305FE}.Release|Any CPU.Build.0 = Release|Any CPU
		{AC800976-AEE1-47F4-9AAB-C8FFFCA7CD54}.Debug|Any CPU.ActiveCfg = Debug|Any CPU
		{AC800976-AEE1-47F4-9AAB-C8FFFCA7CD54}.Debug|Any CPU.Build.0 = Debug|Any CPU
		{AC800976-AEE1-47F4-9AAB-C8FFFCA7CD54}.Release|Any CPU.ActiveCfg = Release|Any CPU
		{AC800976-AEE1-47F4-9AAB-C8FFFCA7CD54}.Release|Any CPU.Build.0 = Release|Any CPU
		{D966DDFA-0510-41DF-A0B5-D303942A9F05}.Debug|Any CPU.ActiveCfg = Debug|Any CPU
		{D966DDFA-0510-41DF-A0B5-D303942A9F05}.Debug|Any CPU.Build.0 = Debug|Any CPU
		{D966DDFA-0510-41DF-A0B5-D303942A9F05}.Release|Any CPU.ActiveCfg = Release|Any CPU
		{D966DDFA-0510-41DF-A0B5-D303942A9F05}.Release|Any CPU.Build.0 = Release|Any CPU
	EndGlobalSection
	GlobalSection(SolutionProperties) = preSolution
		HideSolutionNode = FALSE
	EndGlobalSection
	GlobalSection(ExtensibilityGlobals) = postSolution
		SolutionGuid = {BB993865-52D9-4171-A97C-03D39209CBF7}
	EndGlobalSection
EndGlobal
